// !$*UTF8*$!
{
	archiveVersion = 1;
	classes = {
	};
	objectVersion = 56;
	objects = {

/* Begin PBXBuildFile section */
		A1234567890123456789012345678903 /* Models.swift in Sources */ = {isa = PBXBuildFile; fileRef = A1234567890123456789012345678904 /* Models.swift */; };
		A1234567890123456789012345678905 /* Storage.swift in Sources */ = {isa = PBXBuildFile; fileRef = A1234567890123456789012345678906 /* Storage.swift */; };
		A1234567890123456789012345678907 /* LiquidGlass.swift in Sources */ = {isa = PBXBuildFile; fileRef = A1234567890123456789012345678908 /* LiquidGlass.swift */; };
		A1234567890123456789012345678909 /* RippleEffects.swift in Sources */ = {isa = PBXBuildFile; fileRef = A1234567890123456789012345678910 /* RippleEffects.swift */; };
		A1234567890123456789012345678911 /* Animations.swift in Sources */ = {isa = PBXBuildFile; fileRef = A1234567890123456789012345678912 /* Animations.swift */; };
		A1234567890123456789012345678913 /* TodayGlass.swift in Sources */ = {isa = PBXBuildFile; fileRef = A1234567890123456789012345678914 /* TodayGlass.swift */; };
		A1234567890123456789012345678917 /* FlowGlass.swift in Sources */ = {isa = PBXBuildFile; fileRef = A1234567890123456789012345678918 /* FlowGlass.swift */; };
		A1234567890123456789012345678919 /* AIService.swift in Sources */ = {isa = PBXBuildFile; fileRef = A1234567890123456789012345678920 /* AIService.swift */; };
		A1234567890123456789012345678921 /* PatternLearning.swift in Sources */ = {isa = PBXBuildFile; fileRef = A1234567890123456789012345678922 /* PatternLearning.swift */; };
		A1234567890123456789012345678923 /* Extensions.swift in Sources */ = {isa = PBXBuildFile; fileRef = A1234567890123456789012345678924 /* Extensions.swift */; };
		A1234567890123456789012345678947 /* CalendarDayView.swift in Sources */ = {isa = PBXBuildFile; fileRef = A1234567890123456789012345678948 /* CalendarDayView.swift */; };
		D5501D093BE547E2A4A0D24A /* AppMain.swift in Sources */ = {isa = PBXBuildFile; fileRef = 0E0A7B64252A43DBA428AC32 /* AppMain.swift */; };
		4380140437DB4C1EA7472F3E /* TopBarView.swift in Sources */ = {isa = PBXBuildFile; fileRef = 2BDF91E64D624F4589BD8766 /* TopBarView.swift */; };
		E984863A39724B16B599EEA5 /* UnifiedSplitView.swift in Sources */ = {isa = PBXBuildFile; fileRef = 0552D821918E476FBB6A0750 /* UnifiedSplitView.swift */; };
		48D5DCB1D3B347A28938924E /* ActionBarView.swift in Sources */ = {isa = PBXBuildFile; fileRef = E9049F1523604F2E825506CC /* ActionBarView.swift */; };
		CD5777174A964713A81EE6F4 /* CalendarPanel.swift in Sources */ = {isa = PBXBuildFile; fileRef = DD5E1954E6BB43AD9448FF5A /* CalendarPanel.swift */; };
		B17F9AF447E24A2D8AC7D59C /* CalendarChatBar.swift in Sources */ = {isa = PBXBuildFile; fileRef = A1C085528DF54A5BACB28B31 /* CalendarChatBar.swift */; };
		B110974A40C74BD3BD60294D /* CalendarHeader.swift in Sources */ = {isa = PBXBuildFile; fileRef = CD82EA06C63D4612A6D0E2CC /* CalendarHeader.swift */; };
		879E2B4CE22A4AAB80E37E25 /* MonthViewExpanded.swift in Sources */ = {isa = PBXBuildFile; fileRef = D8077CAFFD614EF8A67216B9 /* MonthViewExpanded.swift */; };
		C4866EDC1B7640AC820680CE /* EnhancedDayView.swift in Sources */ = {isa = PBXBuildFile; fileRef = 81AD96DA06B44BF28B823FF7 /* EnhancedDayView.swift */; };
		F5D4996328464CC5B82B9469 /* ProportionalTimelineView.swift in Sources */ = {isa = PBXBuildFile; fileRef = BA5A71233B824FCE92571722 /* ProportionalTimelineView.swift */; };
		3BE0261813D54EB690E75068 /* PreciseEventCard.swift in Sources */ = {isa = PBXBuildFile; fileRef = 9E0AE7DD4F0E44E2B3A27801 /* PreciseEventCard.swift */; };
		D2ECC4782E5B474990EA55B3 /* ChainComponents.swift in Sources */ = {isa = PBXBuildFile; fileRef = C474A22DF007429A93206AAE /* ChainComponents.swift */; };
		2FE328963B1C4C21BC2C6A79 /* BackfillViews.swift in Sources */ = {isa = PBXBuildFile; fileRef = A0F754DA8F2F4B6DA1046BB6 /* BackfillViews.swift */; };
		3E1036D49CCC40BE88CF0FBB /* GapAffordance.swift in Sources */ = {isa = PBXBuildFile; fileRef = BF8FC6032866460E9D0AB6BD /* GapAffordance.swift */; };
		BA8F82D9CE7348998574CB46 /* GhostOverlay.swift in Sources */ = {isa = PBXBuildFile; fileRef = BD76AEB7605A44E2AFD3B30C /* GhostOverlay.swift */; };
		43F4DB01237B45978538AC5A /* LegacyDayPlannerView.swift in Sources */ = {isa = PBXBuildFile; fileRef = 75493607C0E84A07A66ECBE9 /* LegacyDayPlannerView.swift */; };
		752A1107635247F1ADF7378E /* MindPanel.swift in Sources */ = {isa = PBXBuildFile; fileRef = BD28290052D0431CBF1DA70C /* MindPanel.swift */; };
		CEE3E2759423416A912D3E78 /* MindChatBar.swift in Sources */ = {isa = PBXBuildFile; fileRef = 887CECE6159D4A93AA26EFDE /* MindChatBar.swift */; };
		C5B7BD781ABF482AB72FD6D7 /* GoalGraphView.swift in Sources */ = {isa = PBXBuildFile; fileRef = 49F0BFE8A4EC4CE681DDD8C6 /* GoalGraphView.swift */; };
		26624437519F437C83579CF0 /* PillarsSection.swift in Sources */ = {isa = PBXBuildFile; fileRef = 4E486C64BDF247BF83A10A2F /* PillarsSection.swift */; };
		48F922AC346C459E84786E0C /* ViewCards.swift in Sources */ = {isa = PBXBuildFile; fileRef = 98AF739B168246DC8AA6F768 /* ViewCards.swift */; };
		4DF153A7119146DC87E187DC /* TodoListView.swift in Sources */ = {isa = PBXBuildFile; fileRef = 097160CB7C4B4C9CA71E9929 /* TodoListView.swift */; };
		4D0CD185F9D94C1D88B7569C /* RecordsStore.swift in Sources */ = {isa = PBXBuildFile; fileRef = D73D597AF0454A82BCEC2D41 /* RecordsStore.swift */; };
		42BC990AE7B34A74A6D8EFCA /* SettingsView.swift in Sources */ = {isa = PBXBuildFile; fileRef = D342403AD3A4420F9250484F /* SettingsView.swift */; };
		6E7A09A1853C422BB366DF46 /* DiagnosticsView.swift in Sources */ = {isa = PBXBuildFile; fileRef = 03616FD602E94325A7C607B3 /* DiagnosticsView.swift */; };
		1AA97C3BB4B2431282A0D4CC840F0A9D /* MoodPrompts.swift in Sources */ = {isa = PBXBuildFile; fileRef = 9EA683EC3DB941409137C5636DB13B53 /* MoodPrompts.swift */; };
		4662ECC22B1841D8B931AE52AA89C226 /* OnboardingCoordinator.swift in Sources */ = {isa = PBXBuildFile; fileRef = 780E0F653BE04444897C0CF918E748D1 /* OnboardingCoordinator.swift */; };
		BD04F8FEADD74150ACBBFA34C69B9655 /* OnboardingOverlay.swift in Sources */ = {isa = PBXBuildFile; fileRef = 9CDED9765DD144C4A6FCB2C6E5876546 /* OnboardingOverlay.swift */; };
/* End PBXBuildFile section */

/* Begin PBXFileReference section */
		A1234567890123456789012345678900 /* DayPlanner.app */ = {isa = PBXFileReference; explicitFileType = wrapper.application; includeInIndex = 0; path = DayPlanner.app; sourceTree = BUILT_PRODUCTS_DIR; };
		A1234567890123456789012345678904 /* Models.swift */ = {isa = PBXFileReference; lastKnownFileType = sourcecode.swift; path = Models.swift; sourceTree = "<group>"; };
		A1234567890123456789012345678906 /* Storage.swift */ = {isa = PBXFileReference; lastKnownFileType = sourcecode.swift; path = Storage.swift; sourceTree = "<group>"; };
		A1234567890123456789012345678908 /* LiquidGlass.swift */ = {isa = PBXFileReference; lastKnownFileType = sourcecode.swift; path = LiquidGlass.swift; sourceTree = "<group>"; };
		A1234567890123456789012345678910 /* RippleEffects.swift */ = {isa = PBXFileReference; lastKnownFileType = sourcecode.swift; path = RippleEffects.swift; sourceTree = "<group>"; };
		A1234567890123456789012345678912 /* Animations.swift */ = {isa = PBXFileReference; lastKnownFileType = sourcecode.swift; path = Animations.swift; sourceTree = "<group>"; };
		A1234567890123456789012345678914 /* TodayGlass.swift */ = {isa = PBXFileReference; lastKnownFileType = sourcecode.swift; path = TodayGlass.swift; sourceTree = "<group>"; };
		A1234567890123456789012345678918 /* FlowGlass.swift */ = {isa = PBXFileReference; lastKnownFileType = sourcecode.swift; path = FlowGlass.swift; sourceTree = "<group>"; };
		A1234567890123456789012345678920 /* AIService.swift */ = {isa = PBXFileReference; lastKnownFileType = sourcecode.swift; path = AIService.swift; sourceTree = "<group>"; };
		A1234567890123456789012345678922 /* PatternLearning.swift */ = {isa = PBXFileReference; lastKnownFileType = sourcecode.swift; path = PatternLearning.swift; sourceTree = "<group>"; };
		A1234567890123456789012345678924 /* Extensions.swift */ = {isa = PBXFileReference; lastKnownFileType = sourcecode.swift; path = Extensions.swift; sourceTree = "<group>"; };
		A1234567890123456789012345678925 /* DayPlanner.entitlements */ = {isa = PBXFileReference; lastKnownFileType = text.plist.entitlements; path = DayPlanner.entitlements; sourceTree = "<group>"; };
		A1234567890123456789012345678948 /* CalendarDayView.swift */ = {isa = PBXFileReference; lastKnownFileType = sourcecode.swift; path = CalendarDayView.swift; sourceTree = "<group>"; };
		0E0A7B64252A43DBA428AC32 /* AppMain.swift */ = {isa = PBXFileReference; lastKnownFileType = sourcecode.swift; path = AppMain.swift; sourceTree = "<group>"; };
		2BDF91E64D624F4589BD8766 /* TopBarView.swift */ = {isa = PBXFileReference; lastKnownFileType = sourcecode.swift; path = TopBarView.swift; sourceTree = "<group>"; };
		0552D821918E476FBB6A0750 /* UnifiedSplitView.swift */ = {isa = PBXFileReference; lastKnownFileType = sourcecode.swift; path = UnifiedSplitView.swift; sourceTree = "<group>"; };
		E9049F1523604F2E825506CC /* ActionBarView.swift */ = {isa = PBXFileReference; lastKnownFileType = sourcecode.swift; path = ActionBarView.swift; sourceTree = "<group>"; };
		DD5E1954E6BB43AD9448FF5A /* CalendarPanel.swift */ = {isa = PBXFileReference; lastKnownFileType = sourcecode.swift; path = CalendarPanel.swift; sourceTree = "<group>"; };
		A1C085528DF54A5BACB28B31 /* CalendarChatBar.swift */ = {isa = PBXFileReference; lastKnownFileType = sourcecode.swift; path = CalendarChatBar.swift; sourceTree = "<group>"; };
		CD82EA06C63D4612A6D0E2CC /* CalendarHeader.swift */ = {isa = PBXFileReference; lastKnownFileType = sourcecode.swift; path = CalendarHeader.swift; sourceTree = "<group>"; };
		D8077CAFFD614EF8A67216B9 /* MonthViewExpanded.swift */ = {isa = PBXFileReference; lastKnownFileType = sourcecode.swift; path = MonthViewExpanded.swift; sourceTree = "<group>"; };
		81AD96DA06B44BF28B823FF7 /* EnhancedDayView.swift */ = {isa = PBXFileReference; lastKnownFileType = sourcecode.swift; path = EnhancedDayView.swift; sourceTree = "<group>"; };
		BA5A71233B824FCE92571722 /* ProportionalTimelineView.swift */ = {isa = PBXFileReference; lastKnownFileType = sourcecode.swift; path = ProportionalTimelineView.swift; sourceTree = "<group>"; };
		9E0AE7DD4F0E44E2B3A27801 /* PreciseEventCard.swift */ = {isa = PBXFileReference; lastKnownFileType = sourcecode.swift; path = PreciseEventCard.swift; sourceTree = "<group>"; };
		C474A22DF007429A93206AAE /* ChainComponents.swift */ = {isa = PBXFileReference; lastKnownFileType = sourcecode.swift; path = ChainComponents.swift; sourceTree = "<group>"; };
		A0F754DA8F2F4B6DA1046BB6 /* BackfillViews.swift */ = {isa = PBXFileReference; lastKnownFileType = sourcecode.swift; path = BackfillViews.swift; sourceTree = "<group>"; };
		BF8FC6032866460E9D0AB6BD /* GapAffordance.swift */ = {isa = PBXFileReference; lastKnownFileType = sourcecode.swift; path = GapAffordance.swift; sourceTree = "<group>"; };
		BD76AEB7605A44E2AFD3B30C /* GhostOverlay.swift */ = {isa = PBXFileReference; lastKnownFileType = sourcecode.swift; path = GhostOverlay.swift; sourceTree = "<group>"; };
		75493607C0E84A07A66ECBE9 /* LegacyDayPlannerView.swift */ = {isa = PBXFileReference; lastKnownFileType = sourcecode.swift; path = LegacyDayPlannerView.swift; sourceTree = "<group>"; };
		BD28290052D0431CBF1DA70C /* MindPanel.swift */ = {isa = PBXFileReference; lastKnownFileType = sourcecode.swift; path = MindPanel.swift; sourceTree = "<group>"; };
		887CECE6159D4A93AA26EFDE /* MindChatBar.swift */ = {isa = PBXFileReference; lastKnownFileType = sourcecode.swift; path = MindChatBar.swift; sourceTree = "<group>"; };
		49F0BFE8A4EC4CE681DDD8C6 /* GoalGraphView.swift */ = {isa = PBXFileReference; lastKnownFileType = sourcecode.swift; path = GoalGraphView.swift; sourceTree = "<group>"; };
		4E486C64BDF247BF83A10A2F /* PillarsSection.swift */ = {isa = PBXFileReference; lastKnownFileType = sourcecode.swift; path = PillarsSection.swift; sourceTree = "<group>"; };
		98AF739B168246DC8AA6F768 /* ViewCards.swift */ = {isa = PBXFileReference; lastKnownFileType = sourcecode.swift; path = ViewCards.swift; sourceTree = "<group>"; };
		097160CB7C4B4C9CA71E9929 /* TodoListView.swift */ = {isa = PBXFileReference; lastKnownFileType = sourcecode.swift; path = TodoListView.swift; sourceTree = "<group>"; };
		D73D597AF0454A82BCEC2D41 /* RecordsStore.swift */ = {isa = PBXFileReference; lastKnownFileType = sourcecode.swift; path = RecordsStore.swift; sourceTree = "<group>"; };
		D342403AD3A4420F9250484F /* SettingsView.swift */ = {isa = PBXFileReference; lastKnownFileType = sourcecode.swift; path = SettingsView.swift; sourceTree = "<group>"; };
		03616FD602E94325A7C607B3 /* DiagnosticsView.swift */ = {isa = PBXFileReference; lastKnownFileType = sourcecode.swift; path = DiagnosticsView.swift; sourceTree = "<group>"; };
		9EA683EC3DB941409137C5636DB13B53 /* MoodPrompts.swift */ = {isa = PBXFileReference; lastKnownFileType = sourcecode.swift; path = ../../Views/Shared/MoodPrompts.swift; sourceTree = "<group>"; };
		780E0F653BE04444897C0CF918E748D1 /* OnboardingCoordinator.swift */ = {isa = PBXFileReference; lastKnownFileType = sourcecode.swift; path = OnboardingCoordinator.swift; sourceTree = "<group>"; };
		9CDED9765DD144C4A6FCB2C6E5876546 /* OnboardingOverlay.swift */ = {isa = PBXFileReference; lastKnownFileType = sourcecode.swift; path = OnboardingOverlay.swift; sourceTree = "<group>"; };
/* End PBXFileReference section */

/* Begin PBXFrameworksBuildPhase section */
		A1234567890123456789012345678926 /* Frameworks */ = {
			isa = PBXFrameworksBuildPhase;
			buildActionMask = 2147483647;
			files = (
			);
			runOnlyForDeploymentPostprocessing = 0;
		};
/* End PBXFrameworksBuildPhase section */

/* Begin PBXGroup section */
		A1234567890123456789012345678927 = {
			isa = PBXGroup;
			children = (
				A1234567890123456789012345678928 /* DayPlanner */,
				A1234567890123456789012345678929 /* Products */,
			);
			sourceTree = "<group>";
		};
		A1234567890123456789012345678928 /* DayPlanner */ = {
			isa = PBXGroup;
			children = (
				A1234567890123456789012345678930 /* App */,
				A1234567890123456789012345678931 /* Data */,
				A1234567890123456789012345678932 /* Glass */,
				A1234567890123456789012345678933 /* Surfaces */,
				A1234567890123456789012345678934 /* AI */,
				A1234567890123456789012345678935 /* Intelligence */,
				A1234567890123456789012345678936 /* Extensions */,
				A1234567890123456789012345678925 /* DayPlanner.entitlements */,
			);
			path = DayPlanner;
			sourceTree = "<group>";
		};
		A1234567890123456789012345678929 /* Products */ = {
			isa = PBXGroup;
			children = (
				A1234567890123456789012345678900 /* DayPlanner.app */,
			);
			name = Products;
			sourceTree = "<group>";
		};
		A1234567890123456789012345678930 /* App */ = {
			isa = PBXGroup;
			children = (
				CE9FDF6C09D24F5BAA222E95 /* AppShell */,
				9025B7BA9F7F4A129E7CD99B3C2480BD /* Onboarding */,
				8982FC9F165A490593AB3615 /* Calendar */,
				73DCDAD5AD9D4366ABE2D11E /* Mind */,
				266B7821FE564F47B7433218 /* Records */,
				D9367E00EAD547D5A9BE0474 /* Settings */,
			);
			path = App;
			sourceTree = "<group>";
		};
		A1234567890123456789012345678931 /* Data */ = {
			isa = PBXGroup;
			children = (
				A1234567890123456789012345678904 /* Models.swift */,
				A1234567890123456789012345678906 /* Storage.swift */,
			);
			path = Data;
			sourceTree = "<group>";
		};
		A1234567890123456789012345678932 /* Glass */ = {
			isa = PBXGroup;
			children = (
				A1234567890123456789012345678908 /* LiquidGlass.swift */,
				A1234567890123456789012345678910 /* RippleEffects.swift */,
				A1234567890123456789012345678912 /* Animations.swift */,
			);
			path = Glass;
			sourceTree = "<group>";
		};
		A1234567890123456789012345678933 /* Surfaces */ = {
			isa = PBXGroup;
			children = (
				A1234567890123456789012345678914 /* TodayGlass.swift */,
				A1234567890123456789012345678918 /* FlowGlass.swift */,
				A1234567890123456789012345678948 /* CalendarDayView.swift */,
			);
			path = Surfaces;
			sourceTree = "<group>";
		};
		A1234567890123456789012345678934 /* AI */ = {
			isa = PBXGroup;
			children = (
				A1234567890123456789012345678920 /* AIService.swift */,
			);
			path = AI;
			sourceTree = "<group>";
		};
		A1234567890123456789012345678935 /* Intelligence */ = {
			isa = PBXGroup;
			children = (
				A1234567890123456789012345678922 /* PatternLearning.swift */,
			);
			path = Intelligence;
			sourceTree = "<group>";
		};
		A1234567890123456789012345678936 /* Extensions */ = {
			isa = PBXGroup;
			children = (
				A1234567890123456789012345678924 /* Extensions.swift */,
			);
			path = Extensions;
			sourceTree = "<group>";
		};
		CE9FDF6C09D24F5BAA222E95 /* AppShell */ = {
			isa = PBXGroup;
			children = (
				0E0A7B64252A43DBA428AC32 /* AppMain.swift */,
				2BDF91E64D624F4589BD8766 /* TopBarView.swift */,
				0552D821918E476FBB6A0750 /* UnifiedSplitView.swift */,
				E9049F1523604F2E825506CC /* ActionBarView.swift */,
				9EA683EC3DB941409137C5636DB13B53 /* MoodPrompts.swift */,
			);
			path = AppShell;
			sourceTree = "<group>";
		};
		9025B7BA9F7F4A129E7CD99B3C2480BD /* Onboarding */ = {
			isa = PBXGroup;
			children = (
				780E0F653BE04444897C0CF918E748D1 /* OnboardingCoordinator.swift */,
				9CDED9765DD144C4A6FCB2C6E5876546 /* OnboardingOverlay.swift */,
			);
			path = Onboarding;
			sourceTree = "<group>";
		};
		8982FC9F165A490593AB3615 /* Calendar */ = {
			isa = PBXGroup;
			children = (
				DD5E1954E6BB43AD9448FF5A /* CalendarPanel.swift */,
				CD82EA06C63D4612A6D0E2CC /* CalendarHeader.swift */,
				A1C085528DF54A5BACB28B31 /* CalendarChatBar.swift */,
				D8077CAFFD614EF8A67216B9 /* MonthViewExpanded.swift */,
				81AD96DA06B44BF28B823FF7 /* EnhancedDayView.swift */,
				BA5A71233B824FCE92571722 /* ProportionalTimelineView.swift */,
				9E0AE7DD4F0E44E2B3A27801 /* PreciseEventCard.swift */,
				C474A22DF007429A93206AAE /* ChainComponents.swift */,
				A0F754DA8F2F4B6DA1046BB6 /* BackfillViews.swift */,
				BF8FC6032866460E9D0AB6BD /* GapAffordance.swift */,
				BD76AEB7605A44E2AFD3B30C /* GhostOverlay.swift */,
				75493607C0E84A07A66ECBE9 /* LegacyDayPlannerView.swift */,
			);
			path = Calendar;
			sourceTree = "<group>";
		};
		73DCDAD5AD9D4366ABE2D11E /* Mind */ = {
			isa = PBXGroup;
			children = (
				BD28290052D0431CBF1DA70C /* MindPanel.swift */,
				887CECE6159D4A93AA26EFDE /* MindChatBar.swift */,
				49F0BFE8A4EC4CE681DDD8C6 /* GoalGraphView.swift */,
				4E486C64BDF247BF83A10A2F /* PillarsSection.swift */,
				98AF739B168246DC8AA6F768 /* ViewCards.swift */,
			);
			path = Mind;
			sourceTree = "<group>";
		};
		266B7821FE564F47B7433218 /* Records */ = {
			isa = PBXGroup;
			children = (
				097160CB7C4B4C9CA71E9929 /* TodoListView.swift */,
				D73D597AF0454A82BCEC2D41 /* RecordsStore.swift */,
			);
			path = Records;
			sourceTree = "<group>";
		};
		D9367E00EAD547D5A9BE0474 /* Settings */ = {
			isa = PBXGroup;
			children = (
				D342403AD3A4420F9250484F /* SettingsView.swift */,
				03616FD602E94325A7C607B3 /* DiagnosticsView.swift */,
			);
			path = Settings;
			sourceTree = "<group>";
		};
/* End PBXGroup section */

/* Begin PBXNativeTarget section */
		A1234567890123456789012345678937 /* DayPlanner */ = {
			isa = PBXNativeTarget;
			buildConfigurationList = A1234567890123456789012345678938 /* Build configuration list for PBXNativeTarget "DayPlanner" */;
			buildPhases = (
				A1234567890123456789012345678939 /* Sources */,
				A1234567890123456789012345678926 /* Frameworks */,
				A1234567890123456789012345678940 /* Resources */,
			);
			buildRules = (
			);
			dependencies = (
			);
			name = DayPlanner;
			productName = DayPlanner;
			productReference = A1234567890123456789012345678900 /* DayPlanner.app */;
			productType = "com.apple.product-type.application";
		};
/* End PBXNativeTarget section */

/* Begin PBXProject section */
		A1234567890123456789012345678941 /* Project object */ = {
			isa = PBXProject;
			attributes = {
				BuildIndependentTargetsInParallel = 1;
				LastSwiftUpdateCheck = 1600;
				LastUpgradeCheck = 2600;
				TargetAttributes = {
					A1234567890123456789012345678937 = {
						CreatedOnToolsVersion = 16.0;
					};
				};
			};
			buildConfigurationList = A1234567890123456789012345678942 /* Build configuration list for PBXProject "DayPlanner" */;
			compatibilityVersion = "Xcode 14.0";
			developmentRegion = en;
			hasScannedForEncodings = 0;
			knownRegions = (
				en,
				Base,
			);
			mainGroup = A1234567890123456789012345678927;
			productRefGroup = A1234567890123456789012345678929 /* Products */;
			projectDirPath = "";
			projectRoot = "";
			targets = (
				A1234567890123456789012345678937 /* DayPlanner */,
			);
		};
/* End PBXProject section */

/* Begin PBXResourcesBuildPhase section */
		A1234567890123456789012345678940 /* Resources */ = {
			isa = PBXResourcesBuildPhase;
			buildActionMask = 2147483647;
			files = (
			);
			runOnlyForDeploymentPostprocessing = 0;
		};
/* End PBXResourcesBuildPhase section */

/* Begin PBXSourcesBuildPhase section */
		A1234567890123456789012345678939 /* Sources */ = {
			isa = PBXSourcesBuildPhase;
			buildActionMask = 2147483647;
			files = (
				A1234567890123456789012345678903 /* Models.swift in Sources */,
				A1234567890123456789012345678905 /* Storage.swift in Sources */,
				A1234567890123456789012345678907 /* LiquidGlass.swift in Sources */,
				A1234567890123456789012345678909 /* RippleEffects.swift in Sources */,
				A1234567890123456789012345678911 /* Animations.swift in Sources */,
				A1234567890123456789012345678913 /* TodayGlass.swift in Sources */,
				A1234567890123456789012345678917 /* FlowGlass.swift in Sources */,
				A1234567890123456789012345678919 /* AIService.swift in Sources */,
				A1234567890123456789012345678921 /* PatternLearning.swift in Sources */,
				A1234567890123456789012345678923 /* Extensions.swift in Sources */,
				A1234567890123456789012345678947 /* CalendarDayView.swift in Sources */,
				D5501D093BE547E2A4A0D24A /* AppMain.swift in Sources */,
				4662ECC22B1841D8B931AE52AA89C226 /* OnboardingCoordinator.swift in Sources */,
				BD04F8FEADD74150ACBBFA34C69B9655 /* OnboardingOverlay.swift in Sources */,
				1AA97C3BB4B2431282A0D4CC840F0A9D /* MoodPrompts.swift in Sources */,
				4380140437DB4C1EA7472F3E /* TopBarView.swift in Sources */,
				E984863A39724B16B599EEA5 /* UnifiedSplitView.swift in Sources */,
				48D5DCB1D3B347A28938924E /* ActionBarView.swift in Sources */,
				CD5777174A964713A81EE6F4 /* CalendarPanel.swift in Sources */,
				B17F9AF447E24A2D8AC7D59C /* CalendarChatBar.swift in Sources */,
				B110974A40C74BD3BD60294D /* CalendarHeader.swift in Sources */,
				879E2B4CE22A4AAB80E37E25 /* MonthViewExpanded.swift in Sources */,
				C4866EDC1B7640AC820680CE /* EnhancedDayView.swift in Sources */,
				F5D4996328464CC5B82B9469 /* ProportionalTimelineView.swift in Sources */,
				3BE0261813D54EB690E75068 /* PreciseEventCard.swift in Sources */,
				D2ECC4782E5B474990EA55B3 /* ChainComponents.swift in Sources */,
				2FE328963B1C4C21BC2C6A79 /* BackfillViews.swift in Sources */,
				3E1036D49CCC40BE88CF0FBB /* GapAffordance.swift in Sources */,
				BA8F82D9CE7348998574CB46 /* GhostOverlay.swift in Sources */,
				43F4DB01237B45978538AC5A /* LegacyDayPlannerView.swift in Sources */,
				752A1107635247F1ADF7378E /* MindPanel.swift in Sources */,
				CEE3E2759423416A912D3E78 /* MindChatBar.swift in Sources */,
				C5B7BD781ABF482AB72FD6D7 /* GoalGraphView.swift in Sources */,
				26624437519F437C83579CF0 /* PillarsSection.swift in Sources */,
				48F922AC346C459E84786E0C /* ViewCards.swift in Sources */,
				4DF153A7119146DC87E187DC /* TodoListView.swift in Sources */,
				4D0CD185F9D94C1D88B7569C /* RecordsStore.swift in Sources */,
				42BC990AE7B34A74A6D8EFCA /* SettingsView.swift in Sources */,
				6E7A09A1853C422BB366DF46 /* DiagnosticsView.swift in Sources */,
			);
			runOnlyForDeploymentPostprocessing = 0;
		};
/* End PBXSourcesBuildPhase section */

/* Begin XCBuildConfiguration section */
		A1234567890123456789012345678943 /* Debug */ = {
			isa = XCBuildConfiguration;
			buildSettings = {
				ALWAYS_SEARCH_USER_PATHS = NO;
				ASSETCATALOG_COMPILER_GENERATE_SWIFT_ASSET_SYMBOL_EXTENSIONS = YES;
				CLANG_ANALYZER_NONNULL = YES;
				CLANG_ANALYZER_NUMBER_OBJECT_CONVERSION = YES_AGGRESSIVE;
				CLANG_CXX_LANGUAGE_STANDARD = "gnu++20";
				CLANG_ENABLE_MODULES = YES;
				CLANG_ENABLE_OBJC_ARC = YES;
				CLANG_ENABLE_OBJC_WEAK = YES;
				CLANG_WARN_BLOCK_CAPTURE_AUTORELEASING = YES;
				CLANG_WARN_BOOL_CONVERSION = YES;
				CLANG_WARN_COMMA = YES;
				CLANG_WARN_CONSTANT_CONVERSION = YES;
				CLANG_WARN_DEPRECATED_OBJC_IMPLEMENTATIONS = YES;
				CLANG_WARN_DIRECT_OBJC_ISA_USAGE = YES_ERROR;
				CLANG_WARN_DOCUMENTATION_COMMENTS = YES;
				CLANG_WARN_EMPTY_BODY = YES;
				CLANG_WARN_ENUM_CONVERSION = YES;
				CLANG_WARN_INFINITE_RECURSION = YES;
				CLANG_WARN_INT_CONVERSION = YES;
				CLANG_WARN_NON_LITERAL_NULL_CONVERSION = YES;
				CLANG_WARN_OBJC_IMPLICIT_RETAIN_SELF = YES;
				CLANG_WARN_OBJC_LITERAL_CONVERSION = YES;
				CLANG_WARN_OBJC_ROOT_CLASS = YES_ERROR;
				CLANG_WARN_QUOTED_INCLUDE_IN_FRAMEWORK_HEADER = YES;
				CLANG_WARN_RANGE_LOOP_ANALYSIS = YES;
				CLANG_WARN_STRICT_PROTOTYPES = YES;
				CLANG_WARN_SUSPICIOUS_MOVE = YES;
				CLANG_WARN_UNGUARDED_AVAILABILITY = YES_AGGRESSIVE;
				CLANG_WARN_UNREACHABLE_CODE = YES;
				CLANG_WARN__DUPLICATE_METHOD_MATCH = YES;
				COPY_PHASE_STRIP = NO;
				DEAD_CODE_STRIPPING = YES;
				DEBUG_INFORMATION_FORMAT = dwarf;
				ENABLE_STRICT_OBJC_MSGSEND = YES;
				ENABLE_TESTABILITY = YES;
				ENABLE_USER_SCRIPT_SANDBOXING = YES;
				GCC_C_LANGUAGE_STANDARD = gnu17;
				GCC_DYNAMIC_NO_PIC = NO;
				GCC_NO_COMMON_BLOCKS = YES;
				GCC_OPTIMIZATION_LEVEL = 0;
				GCC_PREPROCESSOR_DEFINITIONS = (
					"DEBUG=1",
					"$(inherited)",
				);
				GCC_WARN_64_TO_32_BIT_CONVERSION = YES;
				GCC_WARN_ABOUT_RETURN_TYPE = YES_ERROR;
				GCC_WARN_UNDECLARED_SELECTOR = YES;
				GCC_WARN_UNINITIALIZED_AUTOS = YES_AGGRESSIVE;
				GCC_WARN_UNUSED_FUNCTION = YES;
				GCC_WARN_UNUSED_VARIABLE = YES;
				LOCALIZATION_PREFERS_STRING_CATALOGS = YES;
				MACOSX_DEPLOYMENT_TARGET = 14.0;
				MTL_ENABLE_DEBUG_INFO = INCLUDE_SOURCE;
				MTL_FAST_MATH = YES;
				ONLY_ACTIVE_ARCH = YES;
				SDKROOT = macosx;
				STRING_CATALOG_GENERATE_SYMBOLS = YES;
				SWIFT_ACTIVE_COMPILATION_CONDITIONS = "DEBUG $(inherited)";
				SWIFT_OPTIMIZATION_LEVEL = "-Onone";
				SWIFT_STRICT_CONCURRENCY = minimal;
			};
			name = Debug;
		};
		A1234567890123456789012345678944 /* Release */ = {
			isa = XCBuildConfiguration;
			buildSettings = {
				ALWAYS_SEARCH_USER_PATHS = NO;
				ASSETCATALOG_COMPILER_GENERATE_SWIFT_ASSET_SYMBOL_EXTENSIONS = YES;
				CLANG_ANALYZER_NONNULL = YES;
				CLANG_ANALYZER_NUMBER_OBJECT_CONVERSION = YES_AGGRESSIVE;
				CLANG_CXX_LANGUAGE_STANDARD = "gnu++20";
				CLANG_ENABLE_MODULES = YES;
				CLANG_ENABLE_OBJC_ARC = YES;
				CLANG_ENABLE_OBJC_WEAK = YES;
				CLANG_WARN_BLOCK_CAPTURE_AUTORELEASING = YES;
				CLANG_WARN_BOOL_CONVERSION = YES;
				CLANG_WARN_COMMA = YES;
				CLANG_WARN_CONSTANT_CONVERSION = YES;
				CLANG_WARN_DEPRECATED_OBJC_IMPLEMENTATIONS = YES;
				CLANG_WARN_DIRECT_OBJC_ISA_USAGE = YES_ERROR;
				CLANG_WARN_DOCUMENTATION_COMMENTS = YES;
				CLANG_WARN_EMPTY_BODY = YES;
				CLANG_WARN_ENUM_CONVERSION = YES;
				CLANG_WARN_INFINITE_RECURSION = YES;
				CLANG_WARN_INT_CONVERSION = YES;
				CLANG_WARN_NON_LITERAL_NULL_CONVERSION = YES;
				CLANG_WARN_OBJC_IMPLICIT_RETAIN_SELF = YES;
				CLANG_WARN_OBJC_LITERAL_CONVERSION = YES;
				CLANG_WARN_OBJC_ROOT_CLASS = YES_ERROR;
				CLANG_WARN_QUOTED_INCLUDE_IN_FRAMEWORK_HEADER = YES;
				CLANG_WARN_RANGE_LOOP_ANALYSIS = YES;
				CLANG_WARN_STRICT_PROTOTYPES = YES;
				CLANG_WARN_SUSPICIOUS_MOVE = YES;
				CLANG_WARN_UNGUARDED_AVAILABILITY = YES_AGGRESSIVE;
				CLANG_WARN_UNREACHABLE_CODE = YES;
				CLANG_WARN__DUPLICATE_METHOD_MATCH = YES;
				COPY_PHASE_STRIP = NO;
				DEAD_CODE_STRIPPING = YES;
				DEBUG_INFORMATION_FORMAT = "dwarf-with-dsym";
				ENABLE_NS_ASSERTIONS = NO;
				ENABLE_STRICT_OBJC_MSGSEND = YES;
				ENABLE_USER_SCRIPT_SANDBOXING = YES;
				GCC_C_LANGUAGE_STANDARD = gnu17;
				GCC_NO_COMMON_BLOCKS = YES;
				GCC_WARN_64_TO_32_BIT_CONVERSION = YES;
				GCC_WARN_ABOUT_RETURN_TYPE = YES_ERROR;
				GCC_WARN_UNDECLARED_SELECTOR = YES;
				GCC_WARN_UNINITIALIZED_AUTOS = YES_AGGRESSIVE;
				GCC_WARN_UNUSED_FUNCTION = YES;
				GCC_WARN_UNUSED_VARIABLE = YES;
				LOCALIZATION_PREFERS_STRING_CATALOGS = YES;
				MACOSX_DEPLOYMENT_TARGET = 14.0;
				MTL_ENABLE_DEBUG_INFO = NO;
				MTL_FAST_MATH = YES;
				SDKROOT = macosx;
				STRING_CATALOG_GENERATE_SYMBOLS = YES;
				SWIFT_COMPILATION_MODE = wholemodule;
				SWIFT_STRICT_CONCURRENCY = minimal;
			};
			name = Release;
		};
		A1234567890123456789012345678945 /* Debug */ = {
			isa = XCBuildConfiguration;
			buildSettings = {
				ASSETCATALOG_COMPILER_APPICON_NAME = AppIcon;
				ASSETCATALOG_COMPILER_GLOBAL_ACCENT_COLOR_NAME = AccentColor;
				CODE_SIGN_ENTITLEMENTS = DayPlanner/DayPlanner.entitlements;
				CODE_SIGN_IDENTITY = "-";
				CODE_SIGN_STYLE = Manual;
				COMBINE_HIDPI_IMAGES = YES;
				CURRENT_PROJECT_VERSION = 1;
				DEAD_CODE_STRIPPING = YES;
				DEVELOPMENT_ASSET_PATHS = "";
				DEVELOPMENT_TEAM = "";
				ENABLE_APP_SANDBOX = YES;
				ENABLE_HARDENED_RUNTIME = NO;
				ENABLE_OUTGOING_NETWORK_CONNECTIONS = YES;
				ENABLE_PREVIEWS = YES;
				ENABLE_RESOURCE_ACCESS_CALENDARS = YES;
				ENABLE_RESOURCE_ACCESS_LOCATION = YES;
				ENABLE_USER_SELECTED_FILES = readwrite;
				GENERATE_INFOPLIST_FILE = YES;
				INFOPLIST_KEY_CFBundleDisplayName = "Day Planner";
				INFOPLIST_KEY_LSApplicationCategoryType = "public.app-category.productivity";
				INFOPLIST_KEY_NSCalendarsUsageDescription = "DayPlanner integrates with your calendar to help manage your schedule and sync time blocks with calendar events.";
				INFOPLIST_KEY_NSHumanReadableCopyright = "";
				INFOPLIST_KEY_NSLocationUsageDescription = "DayPlanner uses your location to provide weather context for activity suggestions and location-based scheduling recommendations.";
				INFOPLIST_KEY_NSLocationWhenInUseUsageDescription = "DayPlanner uses your location to provide weather context for activity suggestions and location-based scheduling recommendations.";
				INFOPLIST_KEY_NSMicrophoneUsageDescription = "Day Planner uses the microphone for voice input to the AI assistant.";
				INFOPLIST_KEY_NSSpeechRecognitionUsageDescription = "DayPlanner uses speech recognition to allow voice input for creating time blocks and interacting with the AI assistant.";
				LD_RUNPATH_SEARCH_PATHS = (
					"$(inherited)",
					"@executable_path/../Frameworks",
				);
				MACOSX_DEPLOYMENT_TARGET = 14.0;
				MARKETING_VERSION = 1.0;
				PRODUCT_BUNDLE_IDENTIFIER = com.dayplanner.liquidglass;
				PRODUCT_NAME = "$(TARGET_NAME)";
				SWIFT_EMIT_LOC_STRINGS = YES;
				SWIFT_VERSION = 5.0;
			};
			name = Debug;
		};
		A1234567890123456789012345678946 /* Release */ = {
			isa = XCBuildConfiguration;
			buildSettings = {
				ASSETCATALOG_COMPILER_APPICON_NAME = AppIcon;
				ASSETCATALOG_COMPILER_GLOBAL_ACCENT_COLOR_NAME = AccentColor;
				CODE_SIGN_ENTITLEMENTS = DayPlanner/DayPlanner.entitlements;
				CODE_SIGN_IDENTITY = "-";
				CODE_SIGN_STYLE = Manual;
				COMBINE_HIDPI_IMAGES = YES;
				CURRENT_PROJECT_VERSION = 1;
				DEAD_CODE_STRIPPING = YES;
				DEVELOPMENT_ASSET_PATHS = "";
				DEVELOPMENT_TEAM = "";
				ENABLE_APP_SANDBOX = YES;
				ENABLE_HARDENED_RUNTIME = NO;
				ENABLE_OUTGOING_NETWORK_CONNECTIONS = YES;
				ENABLE_PREVIEWS = YES;
				ENABLE_RESOURCE_ACCESS_CALENDARS = YES;
				ENABLE_RESOURCE_ACCESS_LOCATION = YES;
				ENABLE_USER_SELECTED_FILES = readwrite;
				GENERATE_INFOPLIST_FILE = YES;
				INFOPLIST_KEY_CFBundleDisplayName = "Day Planner";
				INFOPLIST_KEY_LSApplicationCategoryType = "public.app-category.productivity";
				INFOPLIST_KEY_NSCalendarsUsageDescription = "DayPlanner integrates with your calendar to help manage your schedule and sync time blocks with calendar events.";
				INFOPLIST_KEY_NSHumanReadableCopyright = "";
				INFOPLIST_KEY_NSLocationUsageDescription = "DayPlanner uses your location to provide weather context for activity suggestions and location-based scheduling recommendations.";
				INFOPLIST_KEY_NSLocationWhenInUseUsageDescription = "DayPlanner uses your location to provide weather context for activity suggestions and location-based scheduling recommendations.";
				INFOPLIST_KEY_NSMicrophoneUsageDescription = "Day Planner uses the microphone for voice input to the AI assistant.";
				INFOPLIST_KEY_NSSpeechRecognitionUsageDescription = "DayPlanner uses speech recognition to allow voice input for creating time blocks and interacting with the AI assistant.";
				LD_RUNPATH_SEARCH_PATHS = (
					"$(inherited)",
					"@executable_path/../Frameworks",
				);
				MACOSX_DEPLOYMENT_TARGET = 14.0;
				MARKETING_VERSION = 1.0;
				PRODUCT_BUNDLE_IDENTIFIER = com.dayplanner.liquidglass;
				PRODUCT_NAME = "$(TARGET_NAME)";
				SWIFT_EMIT_LOC_STRINGS = YES;
				SWIFT_VERSION = 5.0;
			};
			name = Release;
		};
/* End XCBuildConfiguration section */

/* Begin XCConfigurationList section */
		A1234567890123456789012345678938 /* Build configuration list for PBXNativeTarget "DayPlanner" */ = {
			isa = XCConfigurationList;
			buildConfigurations = (
				A1234567890123456789012345678945 /* Debug */,
				A1234567890123456789012345678946 /* Release */,
			);
			defaultConfigurationIsVisible = 0;
			defaultConfigurationName = Release;
		};
		A1234567890123456789012345678942 /* Build configuration list for PBXProject "DayPlanner" */ = {
			isa = XCConfigurationList;
			buildConfigurations = (
				A1234567890123456789012345678943 /* Debug */,
				A1234567890123456789012345678944 /* Release */,
			);
			defaultConfigurationIsVisible = 0;
			defaultConfigurationName = Release;
		};
/* End XCConfigurationList section */
	};
	rootObject = A1234567890123456789012345678941 /* Project object */;
}
